PODS:
  - MQTTClient (0.8.7):
    - MQTTClient/Core (= 0.8.7)
  - MQTTClient/Core (0.8.7):
    - MQTTClient/Manager
    - MQTTClient/Min
  - MQTTClient/Manager (0.8.7):
    - MQTTClient/Min
  - MQTTClient/Min (0.8.7)

DEPENDENCIES:
  - MQTTClient

SPEC CHECKSUMS:
  MQTTClient: 2842bdeab5a65eec75e0fcbbbd2a300946690fee

PODFILE CHECKSUM: b124eaf2284feb4bb6facbd310a61e80aff6070e

COCOAPODS: 1.2.0
